
Microsoft Visual Studio Solution File, Format Version 12.00
# Visual Studio Version 17
VisualStudioVersion = 17.8.34330.188
MinimumVisualStudioVersion = 10.0.40219.1
Project("{9A19103F-16F7-4668-BE54-9A1E7A4F7556}") = "InvoiceForge", "InvoiceForge.csproj", "{3CDE5FE9-235F-4CBC-92F0-C2B882294050}"
EndProject
Global
	GlobalSection(SolutionConfigurationPlatforms) = preSolution
		Debug|Any CPU = Debug|Any CPU
		Release|Any CPU = Release|Any CPU
	EndGlobalSection
	GlobalSection(ProjectConfigurationPlatforms) = postSolution
		{3CDE5FE9-235F-4CBC-92F0-C2B882294050}.Debug|Any CPU.ActiveCfg = Debug|Any CPU
		{3CDE5FE9-235F-4CBC-92F0-C2B882294050}.Debug|Any CPU.Build.0 = Debug|Any CPU
		{3CDE5FE9-235F-4CBC-92F0-C2B882294050}.Release|Any CPU.ActiveCfg = Release|Any CPU
		{3CDE5FE9-235F-4CBC-92F0-C2B882294050}.Release|Any CPU.Build.0 = Release|Any CPU
	EndGlobalSection
	GlobalSection(SolutionProperties) = preSolution
		HideSolutionNode = FALSE
	EndGlobalSection
	GlobalSection(ExtensibilityGlobals) = postSolution
		SolutionGuid = {1B90D8EE-3E4A-4B13-AA31-24D8186CE76A}
	EndGlobalSection
EndGlobal
